
Microsoft Visual Studio Solution File, Format Version 12.00
# Visual Studio Version 17
VisualStudioVersion = 17.1.32210.238
MinimumVisualStudioVersion = 10.0.40219.1
Project("{FAE04EC0-301F-11D3-BF4B-00C04F79EFBC}") = "modul3_1302194043", "modul3_1302194043\modul3_1302194043.csproj", "{1FE8051F-3A0B-4FC1-9ADA-9FD4A364C5F2}"
EndProject
Global
	GlobalSection(SolutionConfigurationPlatforms) = preSolution
		Debug|Any CPU = Debug|Any CPU
		Release|Any CPU = Release|Any CPU
	EndGlobalSection
	GlobalSection(ProjectConfigurationPlatforms) = postSolution
		{1FE8051F-3A0B-4FC1-9ADA-9FD4A364C5F2}.Debug|Any CPU.ActiveCfg = Debug|Any CPU
		{1FE8051F-3A0B-4FC1-9ADA-9FD4A364C5F2}.Debug|Any CPU.Build.0 = Debug|Any CPU
		{1FE8051F-3A0B-4FC1-9ADA-9FD4A364C5F2}.Release|Any CPU.ActiveCfg = Release|Any CPU
		{1FE8051F-3A0B-4FC1-9ADA-9FD4A364C5F2}.Release|Any CPU.Build.0 = Release|Any CPU
	EndGlobalSection
	GlobalSection(SolutionProperties) = preSolution
		HideSolutionNode = FALSE
	EndGlobalSection
	GlobalSection(ExtensibilityGlobals) = postSolution
		SolutionGuid = {CEDA717A-A9E4-457E-B62B-66022C3B474D}
	EndGlobalSection
EndGlobal
